
Microsoft Visual Studio Solution File, Format Version 12.00
# Visual Studio Version 17
VisualStudioVersion = 17.13.35818.85 d17.13
MinimumVisualStudioVersion = 10.0.40219.1
Project("{FAE04EC0-301F-11D3-BF4B-00C04F79EFBC}") = "Employee Management System", "Employee Management System.csproj", "{F5A42190-D255-436E-823B-3158712D031F}"
EndProject
Global
	GlobalSection(SolutionConfigurationPlatforms) = preSolution
		Debug|Any CPU = Debug|Any CPU
		Release|Any CPU = Release|Any CPU
	EndGlobalSection
	GlobalSection(ProjectConfigurationPlatforms) = postSolution
		{F5A42190-D255-436E-823B-3158712D031F}.Debug|Any CPU.ActiveCfg = Debug|Any CPU
		{F5A42190-D255-436E-823B-3158712D031F}.Debug|Any CPU.Build.0 = Debug|Any CPU
		{F5A42190-D255-436E-823B-3158712D031F}.Release|Any CPU.ActiveCfg = Release|Any CPU
		{F5A42190-D255-436E-823B-3158712D031F}.Release|Any CPU.Build.0 = Release|Any CPU
	EndGlobalSection
	GlobalSection(SolutionProperties) = preSolution
		HideSolutionNode = FALSE
	EndGlobalSection
	GlobalSection(ExtensibilityGlobals) = postSolution
		SolutionGuid = {0838E0E0-C6AB-465B-A170-13F2B96F1BCF}
	EndGlobalSection
EndGlobal
